
Microsoft Visual Studio Solution File, Format Version 12.00
# Visual Studio 15
Project("{FAE04EC0-301F-11D3-BF4B-00C04F79EFBC}") = "Assembly-CSharp", "Assembly-CSharp.csproj", "{B0F91578-6604-911B-1D92-A744027F462D}"
EndProject
Project("{FAE04EC0-301F-11D3-BF4B-00C04F79EFBC}") = "AstarPathfindingProject", "AstarPathfindingProject.csproj", "{8832A32D-0A7F-5C0A-1F86-4BFD0F431AE2}"
EndProject
Project("{FAE04EC0-301F-11D3-BF4B-00C04F79EFBC}") = "AstarPathfindingProjectEditor", "AstarPathfindingProjectEditor.csproj", "{5AB32A0C-78F1-499F-A72D-6CAFA848B757}"
EndProject
Project("{FAE04EC0-301F-11D3-BF4B-00C04F79EFBC}") = "PackageToolsEditor", "PackageToolsEditor.csproj", "{870744A0-BF4C-2395-C444-FB266E8AB7BC}"
EndProject
Global
	GlobalSection(SolutionConfigurationPlatforms) = preSolution
		Debug|Any CPU = Debug|Any CPU
		Release|Any CPU = Release|Any CPU
	EndGlobalSection
	GlobalSection(ProjectConfigurationPlatforms) = postSolution
		{B0F91578-6604-911B-1D92-A744027F462D}.Debug|Any CPU.ActiveCfg = Debug|Any CPU
		{B0F91578-6604-911B-1D92-A744027F462D}.Debug|Any CPU.Build.0 = Debug|Any CPU
		{B0F91578-6604-911B-1D92-A744027F462D}.Release|Any CPU.ActiveCfg = Release|Any CPU
		{B0F91578-6604-911B-1D92-A744027F462D}.Release|Any CPU.Build.0 = Release|Any CPU
		{8832A32D-0A7F-5C0A-1F86-4BFD0F431AE2}.Debug|Any CPU.ActiveCfg = Debug|Any CPU
		{8832A32D-0A7F-5C0A-1F86-4BFD0F431AE2}.Debug|Any CPU.Build.0 = Debug|Any CPU
		{8832A32D-0A7F-5C0A-1F86-4BFD0F431AE2}.Release|Any CPU.ActiveCfg = Release|Any CPU
		{8832A32D-0A7F-5C0A-1F86-4BFD0F431AE2}.Release|Any CPU.Build.0 = Release|Any CPU
		{5AB32A0C-78F1-499F-A72D-6CAFA848B757}.Debug|Any CPU.ActiveCfg = Debug|Any CPU
		{5AB32A0C-78F1-499F-A72D-6CAFA848B757}.Debug|Any CPU.Build.0 = Debug|Any CPU
		{5AB32A0C-78F1-499F-A72D-6CAFA848B757}.Release|Any CPU.ActiveCfg = Release|Any CPU
		{5AB32A0C-78F1-499F-A72D-6CAFA848B757}.Release|Any CPU.Build.0 = Release|Any CPU
		{870744A0-BF4C-2395-C444-FB266E8AB7BC}.Debug|Any CPU.ActiveCfg = Debug|Any CPU
		{870744A0-BF4C-2395-C444-FB266E8AB7BC}.Debug|Any CPU.Build.0 = Debug|Any CPU
		{870744A0-BF4C-2395-C444-FB266E8AB7BC}.Release|Any CPU.ActiveCfg = Release|Any CPU
		{870744A0-BF4C-2395-C444-FB266E8AB7BC}.Release|Any CPU.Build.0 = Release|Any CPU
	EndGlobalSection
	GlobalSection(SolutionProperties) = preSolution
		HideSolutionNode = FALSE
	EndGlobalSection
EndGlobal
